// !$*UTF8*$!
{
	archiveVersion = 1;
	classes = {
	};
	objectVersion = 56;
	objects = {

/* Begin PBXBuildFile section */
		962EEDB529E0350800CDC449 /* AppDelegate.swift in Sources */ = {isa = PBXBuildFile; fileRef = 962EEDB429E0350800CDC449 /* AppDelegate.swift */; };
		962EEDB729E0350800CDC449 /* SceneDelegate.swift in Sources */ = {isa = PBXBuildFile; fileRef = 962EEDB629E0350800CDC449 /* SceneDelegate.swift */; };
		962EEDB929E0350800CDC449 /* ViewController.swift in Sources */ = {isa = PBXBuildFile; fileRef = 962EEDB829E0350800CDC449 /* ViewController.swift */; };
		962EEDBC29E0350800CDC449 /* Main.storyboard in Resources */ = {isa = PBXBuildFile; fileRef = 962EEDBA29E0350800CDC449 /* Main.storyboard */; };
		962EEDBE29E0350A00CDC449 /* Assets.xcassets in Resources */ = {isa = PBXBuildFile; fileRef = 962EEDBD29E0350A00CDC449 /* Assets.xcassets */; };
		962EEDC129E0350A00CDC449 /* LaunchScreen.storyboard in Resources */ = {isa = PBXBuildFile; fileRef = 962EEDBF29E0350A00CDC449 /* LaunchScreen.storyboard */; };
		962EEDCF29E0354500CDC449 /* MainTabController.swift in Sources */ = {isa = PBXBuildFile; fileRef = 962EEDCE29E0354500CDC449 /* MainTabController.swift */; };
		962EEDD329E0358000CDC449 /* SearchController.swift in Sources */ = {isa = PBXBuildFile; fileRef = 962EEDD229E0358000CDC449 /* SearchController.swift */; };
		962EEDD529E0358A00CDC449 /* ImageSelectorController.swift in Sources */ = {isa = PBXBuildFile; fileRef = 962EEDD429E0358A00CDC449 /* ImageSelectorController.swift */; };
		962EEDD729E0359500CDC449 /* NotificationController.swift in Sources */ = {isa = PBXBuildFile; fileRef = 962EEDD629E0359500CDC449 /* NotificationController.swift */; };
		962EEDD929E0359F00CDC449 /* ProfileController.swift in Sources */ = {isa = PBXBuildFile; fileRef = 962EEDD829E0359F00CDC449 /* ProfileController.swift */; };
		962EEDDD29E0402800CDC449 /* FeedController.swift in Sources */ = {isa = PBXBuildFile; fileRef = 962EEDDC29E0402800CDC449 /* FeedController.swift */; };
		962EEDE129E045B900CDC449 /* FeedCell.swift in Sources */ = {isa = PBXBuildFile; fileRef = 962EEDE029E045B900CDC449 /* FeedCell.swift */; };
		962EEDE329E04A1000CDC449 /* Extensions.swift in Sources */ = {isa = PBXBuildFile; fileRef = 962EEDE229E04A1000CDC449 /* Extensions.swift */; };
		962EEDE629E2D66C00CDC449 /* LoginController.swift in Sources */ = {isa = PBXBuildFile; fileRef = 962EEDE529E2D66C00CDC449 /* LoginController.swift */; };
		962EEDE829E2D68400CDC449 /* RegistrationController.swift in Sources */ = {isa = PBXBuildFile; fileRef = 962EEDE729E2D68400CDC449 /* RegistrationController.swift */; };
		962EEDEA29E2E60D00CDC449 /* CustomTextField.swift in Sources */ = {isa = PBXBuildFile; fileRef = 962EEDE929E2E60D00CDC449 /* CustomTextField.swift */; };
		962EEDEC29E2F41000CDC449 /* AuthenticationViewModel.swift in Sources */ = {isa = PBXBuildFile; fileRef = 962EEDEB29E2F40F00CDC449 /* AuthenticationViewModel.swift */; };
		962EEDEF29E81D3700CDC449 /* FirebaseAuth in Frameworks */ = {isa = PBXBuildFile; productRef = 962EEDEE29E81D3700CDC449 /* FirebaseAuth */; };
		962EEDF129E81D3700CDC449 /* FirebaseDatabaseSwift in Frameworks */ = {isa = PBXBuildFile; productRef = 962EEDF029E81D3700CDC449 /* FirebaseDatabaseSwift */; };
		962EEDF329E81D3700CDC449 /* FirebaseFirestoreSwift in Frameworks */ = {isa = PBXBuildFile; productRef = 962EEDF229E81D3700CDC449 /* FirebaseFirestoreSwift */; };
		962EEDF529E81D3700CDC449 /* FirebaseMessaging in Frameworks */ = {isa = PBXBuildFile; productRef = 962EEDF429E81D3700CDC449 /* FirebaseMessaging */; };
		962EEDF729E81D3700CDC449 /* FirebaseStorage in Frameworks */ = {isa = PBXBuildFile; productRef = 962EEDF629E81D3700CDC449 /* FirebaseStorage */; };
		962EEDF929E81D7400CDC449 /* GoogleService-Info.plist in Resources */ = {isa = PBXBuildFile; fileRef = 962EEDF829E81D7400CDC449 /* GoogleService-Info.plist */; };
		969F093829F938D400934463 /* ImageUploader.swift in Sources */ = {isa = PBXBuildFile; fileRef = 969F093729F938D400934463 /* ImageUploader.swift */; };
		969F093A29F938E100934463 /* AuthService.swift in Sources */ = {isa = PBXBuildFile; fileRef = 969F093929F938E100934463 /* AuthService.swift */; };
		969F093C29FAAB6500934463 /* ProfileCell.swift in Sources */ = {isa = PBXBuildFile; fileRef = 969F093B29FAAB6500934463 /* ProfileCell.swift */; };
		969F093E29FAABF400934463 /* ProfileHeader.swift in Sources */ = {isa = PBXBuildFile; fileRef = 969F093D29FAABF400934463 /* ProfileHeader.swift */; };
		969F09402A00FD0F00934463 /* UserService.swift in Sources */ = {isa = PBXBuildFile; fileRef = 969F093F2A00FD0F00934463 /* UserService.swift */; };
		969F09432A0100A400934463 /* Constants.swift in Sources */ = {isa = PBXBuildFile; fileRef = 969F09422A0100A400934463 /* Constants.swift */; };
		969F09452A0102D700934463 /* User.swift in Sources */ = {isa = PBXBuildFile; fileRef = 969F09442A0102D700934463 /* User.swift */; };
		969F09472A01145A00934463 /* ProfileHeaderViewModel.swift in Sources */ = {isa = PBXBuildFile; fileRef = 969F09462A01145A00934463 /* ProfileHeaderViewModel.swift */; };
		969F094A2A01170900934463 /* SDWebImage in Frameworks */ = {isa = PBXBuildFile; productRef = 969F09492A01170900934463 /* SDWebImage */; };
		969F094D2A01197700934463 /* SDWebImageSVGCoder in Frameworks */ = {isa = PBXBuildFile; productRef = 969F094C2A01197700934463 /* SDWebImageSVGCoder */; };
		969F094F2A023C2700934463 /* UserCell.swift in Sources */ = {isa = PBXBuildFile; fileRef = 969F094E2A023C2700934463 /* UserCell.swift */; };
		969F09512A026D1800934463 /* UserCellViewModel.swift in Sources */ = {isa = PBXBuildFile; fileRef = 969F09502A026D1800934463 /* UserCellViewModel.swift */; };
		969F09542A04D91E00934463 /* YPImagePicker in Frameworks */ = {isa = PBXBuildFile; productRef = 969F09532A04D91E00934463 /* YPImagePicker */; };
		969F09562A04E7BE00934463 /* UploadViewController.swift in Sources */ = {isa = PBXBuildFile; fileRef = 969F09552A04E7BE00934463 /* UploadViewController.swift */; };
		969F09582A051DBC00934463 /* InputTextView.swift in Sources */ = {isa = PBXBuildFile; fileRef = 969F09572A051DBC00934463 /* InputTextView.swift */; };
		969F095A2A08D74C00934463 /* PostService.swift in Sources */ = {isa = PBXBuildFile; fileRef = 969F09592A08D74C00934463 /* PostService.swift */; };
		969F095D2A08E26200934463 /* JGProgressHUD in Frameworks */ = {isa = PBXBuildFile; productRef = 969F095C2A08E26200934463 /* JGProgressHUD */; };
		969F095F2A08FFE900934463 /* Post.swift in Sources */ = {isa = PBXBuildFile; fileRef = 969F095E2A08FFE900934463 /* Post.swift */; };
		969F09612A0914AD00934463 /* PostViewModel.swift in Sources */ = {isa = PBXBuildFile; fileRef = 969F09602A0914AD00934463 /* PostViewModel.swift */; };
		969F675F2A0D029900E9B19D /* CommentsController.swift in Sources */ = {isa = PBXBuildFile; fileRef = 969F675E2A0D029900E9B19D /* CommentsController.swift */; };
		969F67612A0D071000E9B19D /* CommentCell.swift in Sources */ = {isa = PBXBuildFile; fileRef = 969F67602A0D071000E9B19D /* CommentCell.swift */; };
		969F67632A0D21D100E9B19D /* CommentInputAccesoryView.swift in Sources */ = {isa = PBXBuildFile; fileRef = 969F67622A0D21D100E9B19D /* CommentInputAccesoryView.swift */; };
/* End PBXBuildFile section */

/* Begin PBXFileReference section */
		962EEDB129E0350800CDC449 /* InstagramClone.app */ = {isa = PBXFileReference; explicitFileType = wrapper.application; includeInIndex = 0; path = InstagramClone.app; sourceTree = BUILT_PRODUCTS_DIR; };
		962EEDB429E0350800CDC449 /* AppDelegate.swift */ = {isa = PBXFileReference; lastKnownFileType = sourcecode.swift; path = AppDelegate.swift; sourceTree = "<group>"; };
		962EEDB629E0350800CDC449 /* SceneDelegate.swift */ = {isa = PBXFileReference; lastKnownFileType = sourcecode.swift; path = SceneDelegate.swift; sourceTree = "<group>"; };
		962EEDB829E0350800CDC449 /* ViewController.swift */ = {isa = PBXFileReference; lastKnownFileType = sourcecode.swift; path = ViewController.swift; sourceTree = "<group>"; };
		962EEDBB29E0350800CDC449 /* Base */ = {isa = PBXFileReference; lastKnownFileType = file.storyboard; name = Base; path = Base.lproj/Main.storyboard; sourceTree = "<group>"; };
		962EEDBD29E0350A00CDC449 /* Assets.xcassets */ = {isa = PBXFileReference; lastKnownFileType = folder.assetcatalog; path = Assets.xcassets; sourceTree = "<group>"; };
		962EEDC029E0350A00CDC449 /* Base */ = {isa = PBXFileReference; lastKnownFileType = file.storyboard; name = Base; path = Base.lproj/LaunchScreen.storyboard; sourceTree = "<group>"; };
		962EEDC229E0350A00CDC449 /* Info.plist */ = {isa = PBXFileReference; lastKnownFileType = text.plist.xml; path = Info.plist; sourceTree = "<group>"; };
		962EEDCE29E0354500CDC449 /* MainTabController.swift */ = {isa = PBXFileReference; lastKnownFileType = sourcecode.swift; path = MainTabController.swift; sourceTree = "<group>"; };
		962EEDD229E0358000CDC449 /* SearchController.swift */ = {isa = PBXFileReference; lastKnownFileType = sourcecode.swift; path = SearchController.swift; sourceTree = "<group>"; };
		962EEDD429E0358A00CDC449 /* ImageSelectorController.swift */ = {isa = PBXFileReference; lastKnownFileType = sourcecode.swift; path = ImageSelectorController.swift; sourceTree = "<group>"; };
		962EEDD629E0359500CDC449 /* NotificationController.swift */ = {isa = PBXFileReference; lastKnownFileType = sourcecode.swift; path = NotificationController.swift; sourceTree = "<group>"; };
		962EEDD829E0359F00CDC449 /* ProfileController.swift */ = {isa = PBXFileReference; lastKnownFileType = sourcecode.swift; path = ProfileController.swift; sourceTree = "<group>"; };
		962EEDDC29E0402800CDC449 /* FeedController.swift */ = {isa = PBXFileReference; lastKnownFileType = sourcecode.swift; path = FeedController.swift; sourceTree = "<group>"; };
		962EEDE029E045B900CDC449 /* FeedCell.swift */ = {isa = PBXFileReference; lastKnownFileType = sourcecode.swift; path = FeedCell.swift; sourceTree = "<group>"; };
		962EEDE229E04A1000CDC449 /* Extensions.swift */ = {isa = PBXFileReference; fileEncoding = 4; lastKnownFileType = sourcecode.swift; path = Extensions.swift; sourceTree = "<group>"; };
		962EEDE529E2D66C00CDC449 /* LoginController.swift */ = {isa = PBXFileReference; lastKnownFileType = sourcecode.swift; path = LoginController.swift; sourceTree = "<group>"; };
		962EEDE729E2D68400CDC449 /* RegistrationController.swift */ = {isa = PBXFileReference; lastKnownFileType = sourcecode.swift; path = RegistrationController.swift; sourceTree = "<group>"; };
		962EEDE929E2E60D00CDC449 /* CustomTextField.swift */ = {isa = PBXFileReference; lastKnownFileType = sourcecode.swift; path = CustomTextField.swift; sourceTree = "<group>"; };
		962EEDEB29E2F40F00CDC449 /* AuthenticationViewModel.swift */ = {isa = PBXFileReference; lastKnownFileType = sourcecode.swift; path = AuthenticationViewModel.swift; sourceTree = "<group>"; };
		962EEDF829E81D7400CDC449 /* GoogleService-Info.plist */ = {isa = PBXFileReference; fileEncoding = 4; lastKnownFileType = text.plist.xml; path = "GoogleService-Info.plist"; sourceTree = "<group>"; };
		969F093729F938D400934463 /* ImageUploader.swift */ = {isa = PBXFileReference; lastKnownFileType = sourcecode.swift; path = ImageUploader.swift; sourceTree = "<group>"; };
		969F093929F938E100934463 /* AuthService.swift */ = {isa = PBXFileReference; lastKnownFileType = sourcecode.swift; path = AuthService.swift; sourceTree = "<group>"; };
		969F093B29FAAB6500934463 /* ProfileCell.swift */ = {isa = PBXFileReference; lastKnownFileType = sourcecode.swift; path = ProfileCell.swift; sourceTree = "<group>"; };
		969F093D29FAABF400934463 /* ProfileHeader.swift */ = {isa = PBXFileReference; lastKnownFileType = sourcecode.swift; path = ProfileHeader.swift; sourceTree = "<group>"; };
		969F093F2A00FD0F00934463 /* UserService.swift */ = {isa = PBXFileReference; lastKnownFileType = sourcecode.swift; path = UserService.swift; sourceTree = "<group>"; };
		969F09422A0100A400934463 /* Constants.swift */ = {isa = PBXFileReference; lastKnownFileType = sourcecode.swift; path = Constants.swift; sourceTree = "<group>"; };
		969F09442A0102D700934463 /* User.swift */ = {isa = PBXFileReference; lastKnownFileType = sourcecode.swift; path = User.swift; sourceTree = "<group>"; };
		969F09462A01145A00934463 /* ProfileHeaderViewModel.swift */ = {isa = PBXFileReference; lastKnownFileType = sourcecode.swift; path = ProfileHeaderViewModel.swift; sourceTree = "<group>"; };
		969F094E2A023C2700934463 /* UserCell.swift */ = {isa = PBXFileReference; lastKnownFileType = sourcecode.swift; path = UserCell.swift; sourceTree = "<group>"; };
		969F09502A026D1800934463 /* UserCellViewModel.swift */ = {isa = PBXFileReference; lastKnownFileType = sourcecode.swift; path = UserCellViewModel.swift; sourceTree = "<group>"; };
		969F09552A04E7BE00934463 /* UploadViewController.swift */ = {isa = PBXFileReference; lastKnownFileType = sourcecode.swift; path = UploadViewController.swift; sourceTree = "<group>"; };
		969F09572A051DBC00934463 /* InputTextView.swift */ = {isa = PBXFileReference; lastKnownFileType = sourcecode.swift; path = InputTextView.swift; sourceTree = "<group>"; };
		969F09592A08D74C00934463 /* PostService.swift */ = {isa = PBXFileReference; lastKnownFileType = sourcecode.swift; path = PostService.swift; sourceTree = "<group>"; };
		969F095E2A08FFE900934463 /* Post.swift */ = {isa = PBXFileReference; lastKnownFileType = sourcecode.swift; path = Post.swift; sourceTree = "<group>"; };
		969F09602A0914AD00934463 /* PostViewModel.swift */ = {isa = PBXFileReference; lastKnownFileType = sourcecode.swift; path = PostViewModel.swift; sourceTree = "<group>"; };
		969F675E2A0D029900E9B19D /* CommentsController.swift */ = {isa = PBXFileReference; lastKnownFileType = sourcecode.swift; path = CommentsController.swift; sourceTree = "<group>"; };
		969F67602A0D071000E9B19D /* CommentCell.swift */ = {isa = PBXFileReference; lastKnownFileType = sourcecode.swift; path = CommentCell.swift; sourceTree = "<group>"; };
		969F67622A0D21D100E9B19D /* CommentInputAccesoryView.swift */ = {isa = PBXFileReference; lastKnownFileType = sourcecode.swift; path = CommentInputAccesoryView.swift; sourceTree = "<group>"; };
/* End PBXFileReference section */

/* Begin PBXFrameworksBuildPhase section */
		962EEDAE29E0350800CDC449 /* Frameworks */ = {
			isa = PBXFrameworksBuildPhase;
			buildActionMask = 2147483647;
			files = (
				969F094A2A01170900934463 /* SDWebImage in Frameworks */,
				962EEDF529E81D3700CDC449 /* FirebaseMessaging in Frameworks */,
				962EEDF129E81D3700CDC449 /* FirebaseDatabaseSwift in Frameworks */,
				969F094D2A01197700934463 /* SDWebImageSVGCoder in Frameworks */,
				962EEDEF29E81D3700CDC449 /* FirebaseAuth in Frameworks */,
				962EEDF729E81D3700CDC449 /* FirebaseStorage in Frameworks */,
				962EEDF329E81D3700CDC449 /* FirebaseFirestoreSwift in Frameworks */,
				969F095D2A08E26200934463 /* JGProgressHUD in Frameworks */,
				969F09542A04D91E00934463 /* YPImagePicker in Frameworks */,
			);
			runOnlyForDeploymentPostprocessing = 0;
		};
/* End PBXFrameworksBuildPhase section */

/* Begin PBXGroup section */
		962EEDA829E0350800CDC449 = {
			isa = PBXGroup;
			children = (
				962EEDB329E0350800CDC449 /* InstagramClone */,
				962EEDB229E0350800CDC449 /* Products */,
			);
			sourceTree = "<group>";
		};
		962EEDB229E0350800CDC449 /* Products */ = {
			isa = PBXGroup;
			children = (
				962EEDB129E0350800CDC449 /* InstagramClone.app */,
			);
			name = Products;
			sourceTree = "<group>";
		};
		962EEDB329E0350800CDC449 /* InstagramClone */ = {
			isa = PBXGroup;
			children = (
				962EEDCD29E0352200CDC449 /* Controller */,
				962EEDCC29E0352100CDC449 /* View */,
				962EEDCB29E0352000CDC449 /* Model */,
				962EEDCA29E0352000CDC449 /* ViewModel */,
				962EEDC929E0351F00CDC449 /* API */,
				962EEDC829E0351D00CDC449 /* Utils */,
				962EEDB429E0350800CDC449 /* AppDelegate.swift */,
				962EEDB629E0350800CDC449 /* SceneDelegate.swift */,
				962EEDB829E0350800CDC449 /* ViewController.swift */,
				962EEDBA29E0350800CDC449 /* Main.storyboard */,
				962EEDBD29E0350A00CDC449 /* Assets.xcassets */,
				962EEDBF29E0350A00CDC449 /* LaunchScreen.storyboard */,
				962EEDC229E0350A00CDC449 /* Info.plist */,
				962EEDF829E81D7400CDC449 /* GoogleService-Info.plist */,
			);
			path = InstagramClone;
			sourceTree = "<group>";
		};
		962EEDC829E0351D00CDC449 /* Utils */ = {
			isa = PBXGroup;
			children = (
				962EEDE229E04A1000CDC449 /* Extensions.swift */,
				969F09422A0100A400934463 /* Constants.swift */,
				969F09572A051DBC00934463 /* InputTextView.swift */,
			);
			path = Utils;
			sourceTree = "<group>";
		};
		962EEDC929E0351F00CDC449 /* API */ = {
			isa = PBXGroup;
			children = (
				969F093729F938D400934463 /* ImageUploader.swift */,
				969F093929F938E100934463 /* AuthService.swift */,
				969F093F2A00FD0F00934463 /* UserService.swift */,
				969F09592A08D74C00934463 /* PostService.swift */,
			);
			path = API;
			sourceTree = "<group>";
		};
		962EEDCA29E0352000CDC449 /* ViewModel */ = {
			isa = PBXGroup;
			children = (
				962EEDEB29E2F40F00CDC449 /* AuthenticationViewModel.swift */,
				969F09462A01145A00934463 /* ProfileHeaderViewModel.swift */,
				969F09502A026D1800934463 /* UserCellViewModel.swift */,
				969F09602A0914AD00934463 /* PostViewModel.swift */,
			);
			path = ViewModel;
			sourceTree = "<group>";
		};
		962EEDCB29E0352000CDC449 /* Model */ = {
			isa = PBXGroup;
			children = (
				969F09442A0102D700934463 /* User.swift */,
				969F095E2A08FFE900934463 /* Post.swift */,
			);
			path = Model;
			sourceTree = "<group>";
		};
		962EEDCC29E0352100CDC449 /* View */ = {
			isa = PBXGroup;
			children = (
				962EEDE029E045B900CDC449 /* FeedCell.swift */,
				962EEDE929E2E60D00CDC449 /* CustomTextField.swift */,
				969F093B29FAAB6500934463 /* ProfileCell.swift */,
				969F093D29FAABF400934463 /* ProfileHeader.swift */,
				969F094E2A023C2700934463 /* UserCell.swift */,
				969F67602A0D071000E9B19D /* CommentCell.swift */,
				969F67622A0D21D100E9B19D /* CommentInputAccesoryView.swift */,
			);
			path = View;
			sourceTree = "<group>";
		};
		962EEDCD29E0352200CDC449 /* Controller */ = {
			isa = PBXGroup;
			children = (
				962EEDE429E2D64200CDC449 /* Auth */,
				962EEDCE29E0354500CDC449 /* MainTabController.swift */,
				962EEDDC29E0402800CDC449 /* FeedController.swift */,
				962EEDD229E0358000CDC449 /* SearchController.swift */,
				962EEDD429E0358A00CDC449 /* ImageSelectorController.swift */,
				962EEDD629E0359500CDC449 /* NotificationController.swift */,
				962EEDD829E0359F00CDC449 /* ProfileController.swift */,
				969F09552A04E7BE00934463 /* UploadViewController.swift */,
				969F675E2A0D029900E9B19D /* CommentsController.swift */,
			);
			path = Controller;
			sourceTree = "<group>";
		};
		962EEDE429E2D64200CDC449 /* Auth */ = {
			isa = PBXGroup;
			children = (
				962EEDE529E2D66C00CDC449 /* LoginController.swift */,
				962EEDE729E2D68400CDC449 /* RegistrationController.swift */,
			);
			path = Auth;
			sourceTree = "<group>";
		};
/* End PBXGroup section */

/* Begin PBXNativeTarget section */
		962EEDB029E0350800CDC449 /* InstagramClone */ = {
			isa = PBXNativeTarget;
			buildConfigurationList = 962EEDC529E0350A00CDC449 /* Build configuration list for PBXNativeTarget "InstagramClone" */;
			buildPhases = (
				962EEDAD29E0350800CDC449 /* Sources */,
				962EEDAE29E0350800CDC449 /* Frameworks */,
				962EEDAF29E0350800CDC449 /* Resources */,
			);
			buildRules = (
			);
			dependencies = (
			);
			name = InstagramClone;
			packageProductDependencies = (
				962EEDEE29E81D3700CDC449 /* FirebaseAuth */,
				962EEDF029E81D3700CDC449 /* FirebaseDatabaseSwift */,
				962EEDF229E81D3700CDC449 /* FirebaseFirestoreSwift */,
				962EEDF429E81D3700CDC449 /* FirebaseMessaging */,
				962EEDF629E81D3700CDC449 /* FirebaseStorage */,
				969F09492A01170900934463 /* SDWebImage */,
				969F094C2A01197700934463 /* SDWebImageSVGCoder */,
				969F09532A04D91E00934463 /* YPImagePicker */,
				969F095C2A08E26200934463 /* JGProgressHUD */,
			);
			productName = InstagramClone;
			productReference = 962EEDB129E0350800CDC449 /* InstagramClone.app */;
			productType = "com.apple.product-type.application";
		};
/* End PBXNativeTarget section */

/* Begin PBXProject section */
		962EEDA929E0350800CDC449 /* Project object */ = {
			isa = PBXProject;
			attributes = {
				BuildIndependentTargetsInParallel = 1;
				LastSwiftUpdateCheck = 1420;
				LastUpgradeCheck = 1420;
				TargetAttributes = {
					962EEDB029E0350800CDC449 = {
						CreatedOnToolsVersion = 14.2;
					};
				};
			};
			buildConfigurationList = 962EEDAC29E0350800CDC449 /* Build configuration list for PBXProject "InstagramClone" */;
			compatibilityVersion = "Xcode 14.0";
			developmentRegion = en;
			hasScannedForEncodings = 0;
			knownRegions = (
				en,
				Base,
			);
			mainGroup = 962EEDA829E0350800CDC449;
			packageReferences = (
				962EEDED29E81D3700CDC449 /* XCRemoteSwiftPackageReference "firebase-ios-sdk" */,
				969F09482A01170800934463 /* XCRemoteSwiftPackageReference "SDWebImage" */,
				969F094B2A01197700934463 /* XCRemoteSwiftPackageReference "SDWebImageSVGCoder" */,
				969F09522A04D91E00934463 /* XCRemoteSwiftPackageReference "YPImagePicker" */,
				969F095B2A08E26200934463 /* XCRemoteSwiftPackageReference "JGProgressHUD" */,
			);
			productRefGroup = 962EEDB229E0350800CDC449 /* Products */;
			projectDirPath = "";
			projectRoot = "";
			targets = (
				962EEDB029E0350800CDC449 /* InstagramClone */,
			);
		};
/* End PBXProject section */

/* Begin PBXResourcesBuildPhase section */
		962EEDAF29E0350800CDC449 /* Resources */ = {
			isa = PBXResourcesBuildPhase;
			buildActionMask = 2147483647;
			files = (
				962EEDC129E0350A00CDC449 /* LaunchScreen.storyboard in Resources */,
				962EEDF929E81D7400CDC449 /* GoogleService-Info.plist in Resources */,
				962EEDBE29E0350A00CDC449 /* Assets.xcassets in Resources */,
				962EEDBC29E0350800CDC449 /* Main.storyboard in Resources */,
			);
			runOnlyForDeploymentPostprocessing = 0;
		};
/* End PBXResourcesBuildPhase section */

/* Begin PBXSourcesBuildPhase section */
		962EEDAD29E0350800CDC449 /* Sources */ = {
			isa = PBXSourcesBuildPhase;
			buildActionMask = 2147483647;
			files = (
				969F09612A0914AD00934463 /* PostViewModel.swift in Sources */,
				962EEDEA29E2E60D00CDC449 /* CustomTextField.swift in Sources */,
				969F093E29FAABF400934463 /* ProfileHeader.swift in Sources */,
				962EEDB929E0350800CDC449 /* ViewController.swift in Sources */,
				962EEDE629E2D66C00CDC449 /* LoginController.swift in Sources */,
				962EEDE129E045B900CDC449 /* FeedCell.swift in Sources */,
				962EEDD529E0358A00CDC449 /* ImageSelectorController.swift in Sources */,
				962EEDD729E0359500CDC449 /* NotificationController.swift in Sources */,
				962EEDEC29E2F41000CDC449 /* AuthenticationViewModel.swift in Sources */,
				969F675F2A0D029900E9B19D /* CommentsController.swift in Sources */,
				969F094F2A023C2700934463 /* UserCell.swift in Sources */,
				962EEDD329E0358000CDC449 /* SearchController.swift in Sources */,
				962EEDB529E0350800CDC449 /* AppDelegate.swift in Sources */,
				969F09452A0102D700934463 /* User.swift in Sources */,
				962EEDD929E0359F00CDC449 /* ProfileController.swift in Sources */,
				969F09562A04E7BE00934463 /* UploadViewController.swift in Sources */,
				969F09472A01145A00934463 /* ProfileHeaderViewModel.swift in Sources */,
				969F09582A051DBC00934463 /* InputTextView.swift in Sources */,
				969F09432A0100A400934463 /* Constants.swift in Sources */,
				962EEDCF29E0354500CDC449 /* MainTabController.swift in Sources */,
				969F09512A026D1800934463 /* UserCellViewModel.swift in Sources */,
				962EEDDD29E0402800CDC449 /* FeedController.swift in Sources */,
				962EEDE329E04A1000CDC449 /* Extensions.swift in Sources */,
				969F093829F938D400934463 /* ImageUploader.swift in Sources */,
				969F095F2A08FFE900934463 /* Post.swift in Sources */,
				969F093A29F938E100934463 /* AuthService.swift in Sources */,
				969F67632A0D21D100E9B19D /* CommentInputAccesoryView.swift in Sources */,
				969F095A2A08D74C00934463 /* PostService.swift in Sources */,
				969F09402A00FD0F00934463 /* UserService.swift in Sources */,
				969F093C29FAAB6500934463 /* ProfileCell.swift in Sources */,
				962EEDB729E0350800CDC449 /* SceneDelegate.swift in Sources */,
				962EEDE829E2D68400CDC449 /* RegistrationController.swift in Sources */,
				969F67612A0D071000E9B19D /* CommentCell.swift in Sources */,
			);
			runOnlyForDeploymentPostprocessing = 0;
		};
/* End PBXSourcesBuildPhase section */

/* Begin PBXVariantGroup section */
		962EEDBA29E0350800CDC449 /* Main.storyboard */ = {
			isa = PBXVariantGroup;
			children = (
				962EEDBB29E0350800CDC449 /* Base */,
			);
			name = Main.storyboard;
			sourceTree = "<group>";
		};
		962EEDBF29E0350A00CDC449 /* LaunchScreen.storyboard */ = {
			isa = PBXVariantGroup;
			children = (
				962EEDC029E0350A00CDC449 /* Base */,
			);
			name = LaunchScreen.storyboard;
			sourceTree = "<group>";
		};
/* End PBXVariantGroup section */

/* Begin XCBuildConfiguration section */
		962EEDC329E0350A00CDC449 /* Debug */ = {
			isa = XCBuildConfiguration;
			buildSettings = {
				ALWAYS_SEARCH_USER_PATHS = NO;
				CLANG_ANALYZER_NONNULL = YES;
				CLANG_ANALYZER_NUMBER_OBJECT_CONVERSION = YES_AGGRESSIVE;
				CLANG_CXX_LANGUAGE_STANDARD = "gnu++20";
				CLANG_ENABLE_MODULES = YES;
				CLANG_ENABLE_OBJC_ARC = YES;
				CLANG_ENABLE_OBJC_WEAK = YES;
				CLANG_WARN_BLOCK_CAPTURE_AUTORELEASING = YES;
				CLANG_WARN_BOOL_CONVERSION = YES;
				CLANG_WARN_COMMA = YES;
				CLANG_WARN_CONSTANT_CONVERSION = YES;
				CLANG_WARN_DEPRECATED_OBJC_IMPLEMENTATIONS = YES;
				CLANG_WARN_DIRECT_OBJC_ISA_USAGE = YES_ERROR;
				CLANG_WARN_DOCUMENTATION_COMMENTS = YES;
				CLANG_WARN_EMPTY_BODY = YES;
				CLANG_WARN_ENUM_CONVERSION = YES;
				CLANG_WARN_INFINITE_RECURSION = YES;
				CLANG_WARN_INT_CONVERSION = YES;
				CLANG_WARN_NON_LITERAL_NULL_CONVERSION = YES;
				CLANG_WARN_OBJC_IMPLICIT_RETAIN_SELF = YES;
				CLANG_WARN_OBJC_LITERAL_CONVERSION = YES;
				CLANG_WARN_OBJC_ROOT_CLASS = YES_ERROR;
				CLANG_WARN_QUOTED_INCLUDE_IN_FRAMEWORK_HEADER = YES;
				CLANG_WARN_RANGE_LOOP_ANALYSIS = YES;
				CLANG_WARN_STRICT_PROTOTYPES = YES;
				CLANG_WARN_SUSPICIOUS_MOVE = YES;
				CLANG_WARN_UNGUARDED_AVAILABILITY = YES_AGGRESSIVE;
				CLANG_WARN_UNREACHABLE_CODE = YES;
				CLANG_WARN__DUPLICATE_METHOD_MATCH = YES;
				COPY_PHASE_STRIP = NO;
				DEBUG_INFORMATION_FORMAT = dwarf;
				ENABLE_STRICT_OBJC_MSGSEND = YES;
				ENABLE_TESTABILITY = YES;
				GCC_C_LANGUAGE_STANDARD = gnu11;
				GCC_DYNAMIC_NO_PIC = NO;
				GCC_NO_COMMON_BLOCKS = YES;
				GCC_OPTIMIZATION_LEVEL = 0;
				GCC_PREPROCESSOR_DEFINITIONS = (
					"DEBUG=1",
					"$(inherited)",
				);
				GCC_WARN_64_TO_32_BIT_CONVERSION = YES;
				GCC_WARN_ABOUT_RETURN_TYPE = YES_ERROR;
				GCC_WARN_UNDECLARED_SELECTOR = YES;
				GCC_WARN_UNINITIALIZED_AUTOS = YES_AGGRESSIVE;
				GCC_WARN_UNUSED_FUNCTION = YES;
				GCC_WARN_UNUSED_VARIABLE = YES;
				IPHONEOS_DEPLOYMENT_TARGET = 16.2;
				MTL_ENABLE_DEBUG_INFO = INCLUDE_SOURCE;
				MTL_FAST_MATH = YES;
				ONLY_ACTIVE_ARCH = YES;
				SDKROOT = iphoneos;
				SWIFT_ACTIVE_COMPILATION_CONDITIONS = DEBUG;
				SWIFT_OPTIMIZATION_LEVEL = "-Onone";
			};
			name = Debug;
		};
		962EEDC429E0350A00CDC449 /* Release */ = {
			isa = XCBuildConfiguration;
			buildSettings = {
				ALWAYS_SEARCH_USER_PATHS = NO;
				CLANG_ANALYZER_NONNULL = YES;
				CLANG_ANALYZER_NUMBER_OBJECT_CONVERSION = YES_AGGRESSIVE;
				CLANG_CXX_LANGUAGE_STANDARD = "gnu++20";
				CLANG_ENABLE_MODULES = YES;
				CLANG_ENABLE_OBJC_ARC = YES;
				CLANG_ENABLE_OBJC_WEAK = YES;
				CLANG_WARN_BLOCK_CAPTURE_AUTORELEASING = YES;
				CLANG_WARN_BOOL_CONVERSION = YES;
				CLANG_WARN_COMMA = YES;
				CLANG_WARN_CONSTANT_CONVERSION = YES;
				CLANG_WARN_DEPRECATED_OBJC_IMPLEMENTATIONS = YES;
				CLANG_WARN_DIRECT_OBJC_ISA_USAGE = YES_ERROR;
				CLANG_WARN_DOCUMENTATION_COMMENTS = YES;
				CLANG_WARN_EMPTY_BODY = YES;
				CLANG_WARN_ENUM_CONVERSION = YES;
				CLANG_WARN_INFINITE_RECURSION = YES;
				CLANG_WARN_INT_CONVERSION = YES;
				CLANG_WARN_NON_LITERAL_NULL_CONVERSION = YES;
				CLANG_WARN_OBJC_IMPLICIT_RETAIN_SELF = YES;
				CLANG_WARN_OBJC_LITERAL_CONVERSION = YES;
				CLANG_WARN_OBJC_ROOT_CLASS = YES_ERROR;
				CLANG_WARN_QUOTED_INCLUDE_IN_FRAMEWORK_HEADER = YES;
				CLANG_WARN_RANGE_LOOP_ANALYSIS = YES;
				CLANG_WARN_STRICT_PROTOTYPES = YES;
				CLANG_WARN_SUSPICIOUS_MOVE = YES;
				CLANG_WARN_UNGUARDED_AVAILABILITY = YES_AGGRESSIVE;
				CLANG_WARN_UNREACHABLE_CODE = YES;
				CLANG_WARN__DUPLICATE_METHOD_MATCH = YES;
				COPY_PHASE_STRIP = NO;
				DEBUG_INFORMATION_FORMAT = "dwarf-with-dsym";
				ENABLE_NS_ASSERTIONS = NO;
				ENABLE_STRICT_OBJC_MSGSEND = YES;
				GCC_C_LANGUAGE_STANDARD = gnu11;
				GCC_NO_COMMON_BLOCKS = YES;
				GCC_WARN_64_TO_32_BIT_CONVERSION = YES;
				GCC_WARN_ABOUT_RETURN_TYPE = YES_ERROR;
				GCC_WARN_UNDECLARED_SELECTOR = YES;
				GCC_WARN_UNINITIALIZED_AUTOS = YES_AGGRESSIVE;
				GCC_WARN_UNUSED_FUNCTION = YES;
				GCC_WARN_UNUSED_VARIABLE = YES;
				IPHONEOS_DEPLOYMENT_TARGET = 16.2;
				MTL_ENABLE_DEBUG_INFO = NO;
				MTL_FAST_MATH = YES;
				SDKROOT = iphoneos;
				SWIFT_COMPILATION_MODE = wholemodule;
				SWIFT_OPTIMIZATION_LEVEL = "-O";
				VALIDATE_PRODUCT = YES;
			};
			name = Release;
		};
		962EEDC629E0350A00CDC449 /* Debug */ = {
			isa = XCBuildConfiguration;
			buildSettings = {
				ASSETCATALOG_COMPILER_APPICON_NAME = AppIcon;
				ASSETCATALOG_COMPILER_GLOBAL_ACCENT_COLOR_NAME = AccentColor;
				CODE_SIGN_STYLE = Automatic;
				CURRENT_PROJECT_VERSION = 1;
				DEVELOPMENT_TEAM = F9V6WPSDK2;
				GENERATE_INFOPLIST_FILE = YES;
				INFOPLIST_FILE = InstagramClone/Info.plist;
				INFOPLIST_KEY_UIApplicationSupportsIndirectInputEvents = YES;
				INFOPLIST_KEY_UILaunchStoryboardName = LaunchScreen;
				INFOPLIST_KEY_UIMainStoryboardFile = Main;
				INFOPLIST_KEY_UISupportedInterfaceOrientations_iPad = "UIInterfaceOrientationPortrait UIInterfaceOrientationPortraitUpsideDown UIInterfaceOrientationLandscapeLeft UIInterfaceOrientationLandscapeRight";
				INFOPLIST_KEY_UISupportedInterfaceOrientations_iPhone = "UIInterfaceOrientationPortrait UIInterfaceOrientationLandscapeLeft UIInterfaceOrientationLandscapeRight";
				LD_RUNPATH_SEARCH_PATHS = (
					"$(inherited)",
					"@executable_path/Frameworks",
				);
				MARKETING_VERSION = 1.0;
				PRODUCT_BUNDLE_IDENTIFIER = com.burrakerden.InstagramClone;
				PRODUCT_NAME = "$(TARGET_NAME)";
				SWIFT_EMIT_LOC_STRINGS = YES;
				SWIFT_VERSION = 5.0;
				TARGETED_DEVICE_FAMILY = "1,2";
			};
			name = Debug;
		};
		962EEDC729E0350A00CDC449 /* Release */ = {
			isa = XCBuildConfiguration;
			buildSettings = {
				ASSETCATALOG_COMPILER_APPICON_NAME = AppIcon;
				ASSETCATALOG_COMPILER_GLOBAL_ACCENT_COLOR_NAME = AccentColor;
				CODE_SIGN_STYLE = Automatic;
				CURRENT_PROJECT_VERSION = 1;
				DEVELOPMENT_TEAM = F9V6WPSDK2;
				GENERATE_INFOPLIST_FILE = YES;
				INFOPLIST_FILE = InstagramClone/Info.plist;
				INFOPLIST_KEY_UIApplicationSupportsIndirectInputEvents = YES;
				INFOPLIST_KEY_UILaunchStoryboardName = LaunchScreen;
				INFOPLIST_KEY_UIMainStoryboardFile = Main;
				INFOPLIST_KEY_UISupportedInterfaceOrientations_iPad = "UIInterfaceOrientationPortrait UIInterfaceOrientationPortraitUpsideDown UIInterfaceOrientationLandscapeLeft UIInterfaceOrientationLandscapeRight";
				INFOPLIST_KEY_UISupportedInterfaceOrientations_iPhone = "UIInterfaceOrientationPortrait UIInterfaceOrientationLandscapeLeft UIInterfaceOrientationLandscapeRight";
				LD_RUNPATH_SEARCH_PATHS = (
					"$(inherited)",
					"@executable_path/Frameworks",
				);
				MARKETING_VERSION = 1.0;
				PRODUCT_BUNDLE_IDENTIFIER = com.burrakerden.InstagramClone;
				PRODUCT_NAME = "$(TARGET_NAME)";
				SWIFT_EMIT_LOC_STRINGS = YES;
				SWIFT_VERSION = 5.0;
				TARGETED_DEVICE_FAMILY = "1,2";
			};
			name = Release;
		};
/* End XCBuildConfiguration section */

/* Begin XCConfigurationList section */
		962EEDAC29E0350800CDC449 /* Build configuration list for PBXProject "InstagramClone" */ = {
			isa = XCConfigurationList;
			buildConfigurations = (
				962EEDC329E0350A00CDC449 /* Debug */,
				962EEDC429E0350A00CDC449 /* Release */,
			);
			defaultConfigurationIsVisible = 0;
			defaultConfigurationName = Release;
		};
		962EEDC529E0350A00CDC449 /* Build configuration list for PBXNativeTarget "InstagramClone" */ = {
			isa = XCConfigurationList;
			buildConfigurations = (
				962EEDC629E0350A00CDC449 /* Debug */,
				962EEDC729E0350A00CDC449 /* Release */,
			);
			defaultConfigurationIsVisible = 0;
			defaultConfigurationName = Release;
		};
/* End XCConfigurationList section */

/* Begin XCRemoteSwiftPackageReference section */
		962EEDED29E81D3700CDC449 /* XCRemoteSwiftPackageReference "firebase-ios-sdk" */ = {
			isa = XCRemoteSwiftPackageReference;
			repositoryURL = "https://github.com/firebase/firebase-ios-sdk.git";
			requirement = {
				branch = master;
				kind = branch;
			};
		};
		969F09482A01170800934463 /* XCRemoteSwiftPackageReference "SDWebImage" */ = {
			isa = XCRemoteSwiftPackageReference;
			repositoryURL = "https://github.com/SDWebImage/SDWebImage";
			requirement = {
				branch = master;
				kind = branch;
			};
		};
		969F094B2A01197700934463 /* XCRemoteSwiftPackageReference "SDWebImageSVGCoder" */ = {
			isa = XCRemoteSwiftPackageReference;
			repositoryURL = "https://github.com/SDWebImage/SDWebImageSVGCoder.git";
			requirement = {
				branch = master;
				kind = branch;
			};
		};
		969F09522A04D91E00934463 /* XCRemoteSwiftPackageReference "YPImagePicker" */ = {
			isa = XCRemoteSwiftPackageReference;
			repositoryURL = "https://github.com/Yummypets/YPImagePicker.git";
			requirement = {
				kind = upToNextMajorVersion;
				minimumVersion = 5.0.0;
			};
		};
		969F095B2A08E26200934463 /* XCRemoteSwiftPackageReference "JGProgressHUD" */ = {
			isa = XCRemoteSwiftPackageReference;
			repositoryURL = "https://github.com/JonasGessner/JGProgressHUD.git";
			requirement = {
				kind = upToNextMajorVersion;
				minimumVersion = 2.0.0;
			};
		};
/* End XCRemoteSwiftPackageReference section */

/* Begin XCSwiftPackageProductDependency section */
		962EEDEE29E81D3700CDC449 /* FirebaseAuth */ = {
			isa = XCSwiftPackageProductDependency;
			package = 962EEDED29E81D3700CDC449 /* XCRemoteSwiftPackageReference "firebase-ios-sdk" */;
			productName = FirebaseAuth;
		};
		962EEDF029E81D3700CDC449 /* FirebaseDatabaseSwift */ = {
			isa = XCSwiftPackageProductDependency;
			package = 962EEDED29E81D3700CDC449 /* XCRemoteSwiftPackageReference "firebase-ios-sdk" */;
			productName = FirebaseDatabaseSwift;
		};
		962EEDF229E81D3700CDC449 /* FirebaseFirestoreSwift */ = {
			isa = XCSwiftPackageProductDependency;
			package = 962EEDED29E81D3700CDC449 /* XCRemoteSwiftPackageReference "firebase-ios-sdk" */;
			productName = FirebaseFirestoreSwift;
		};
		962EEDF429E81D3700CDC449 /* FirebaseMessaging */ = {
			isa = XCSwiftPackageProductDependency;
			package = 962EEDED29E81D3700CDC449 /* XCRemoteSwiftPackageReference "firebase-ios-sdk" */;
			productName = FirebaseMessaging;
		};
		962EEDF629E81D3700CDC449 /* FirebaseStorage */ = {
			isa = XCSwiftPackageProductDependency;
			package = 962EEDED29E81D3700CDC449 /* XCRemoteSwiftPackageReference "firebase-ios-sdk" */;
			productName = FirebaseStorage;
		};
		969F09492A01170900934463 /* SDWebImage */ = {
			isa = XCSwiftPackageProductDependency;
			package = 969F09482A01170800934463 /* XCRemoteSwiftPackageReference "SDWebImage" */;
			productName = SDWebImage;
		};
		969F094C2A01197700934463 /* SDWebImageSVGCoder */ = {
			isa = XCSwiftPackageProductDependency;
			package = 969F094B2A01197700934463 /* XCRemoteSwiftPackageReference "SDWebImageSVGCoder" */;
			productName = SDWebImageSVGCoder;
		};
		969F09532A04D91E00934463 /* YPImagePicker */ = {
			isa = XCSwiftPackageProductDependency;
			package = 969F09522A04D91E00934463 /* XCRemoteSwiftPackageReference "YPImagePicker" */;
			productName = YPImagePicker;
		};
		969F095C2A08E26200934463 /* JGProgressHUD */ = {
			isa = XCSwiftPackageProductDependency;
			package = 969F095B2A08E26200934463 /* XCRemoteSwiftPackageReference "JGProgressHUD" */;
			productName = JGProgressHUD;
		};
/* End XCSwiftPackageProductDependency section */
	};
	rootObject = 962EEDA929E0350800CDC449 /* Project object */;
}
